{
  "version": 4,
  "terraform_version": "1.3.9",
  "serial": 16,
  "lineage": "07bde368-0021-d030-60f4-5a4afca1bdae",
  "outputs": {},
  "resources": [
    {
      "mode": "managed",
      "type": "docker_container",
      "name": "ngnix_container",
      "provider": "provider[\"registry.terraform.io/kreuzwerker/docker\"]",
      "instances": []
    },
    {
      "mode": "managed",
      "type": "docker_image",
      "name": "ubuntu",
      "provider": "provider[\"registry.terraform.io/kreuzwerker/docker\"]",
      "instances": [
        {
          "schema_version": 0,
          "attributes": {
            "build": [],
            "force_remove": null,
            "id": "sha256:3e4394f6b72fccefa2217067a7f7ff84d5d828afa9623867d68fce4f9d862b6cdocker/getting-started:latest",
            "image_id": "sha256:3e4394f6b72fccefa2217067a7f7ff84d5d828afa9623867d68fce4f9d862b6c",
            "keep_locally": null,
            "name": "docker/getting-started:latest",
            "platform": null,
            "pull_triggers": null,
            "repo_digest": "docker/getting-started@sha256:d79336f4812b6547a53e735480dde67f8f8f7071b414fbd9297609ffb989abc1",
            "triggers": null
          },
          "sensitive_attributes": [],
          "private": "bnVsbA=="
        }
      ]
    }
  ],
  "check_results": null
}
